# @generated by Move, please check-in and do not edit manually.

[move]
version = 3
manifest_digest = "35416FF1DF6B04A60021C98658816C3159DD78E26E28D741BB25D47B4A00B8C4"
deps_digest = "3C4103934B1E040BB6B23F1D610B4EF9F2F1166A50A104EADCF77467C004C600"
dependencies = [
  { id = "Sui", name = "Sui" },
  { id = "integer_mate", name = "integer_mate" },
]

[[move.package]]
id = "MoveStdlib"
source = { git = "https://github.com/MystenLabs/sui.git", rev = "framework/mainnet", subdir = "crates/sui-framework/packages/move-stdlib" }

[[move.package]]
id = "Sui"
source = { git = "https://github.com/MystenLabs/sui.git", rev = "framework/mainnet", subdir = "crates/sui-framework/packages/sui-framework" }

dependencies = [
  { id = "MoveStdlib", name = "MoveStdlib" },
]

[[move.package]]
id = "integer_mate"
source = { git = "https://github.com/LFBuild/FullSail-CLMM-SC.git", rev = "dev", subdir = "integer_mate" }

dependencies = [
  { id = "Sui", name = "Sui" },
]

[move.toolchain-version]
compiler-version = "1.54.1"
edition = "2024.beta"
flavor = "sui"

[env]

[env.mainnet]
chain-id = "35834a8a"
original-published-id = "0x3c1fa2694dbcd7cd95d15bdad7ea287be2fbd566c59550a882c085906a86f51a"
latest-published-id = "0x3c1fa2694dbcd7cd95d15bdad7ea287be2fbd566c59550a882c085906a86f51a"
published-version = "1"
