# @generated by Move, please check-in and do not edit manually.

[move]
version = 3
manifest_digest = "23EA4287973DCBE4305BD7BDD23255F4C6C48174E1F24567768089569592CA4F"
deps_digest = "060AD7E57DFB13104F21BE5F5C3759D03F0553FC3229247D9A7A6B45F50D03A3"
dependencies = [
  { id = "Sui", name = "Sui" },
  { id = "integer_mate", name = "integer_mate" },
  { id = "voting_escrow", name = "voting_escrow" },
]

[[move.package]]
id = "MoveStdlib"
source = { git = "https://github.com/MystenLabs/sui.git", rev = "framework/mainnet", subdir = "crates/sui-framework/packages/move-stdlib" }

[[move.package]]
id = "Sui"
source = { git = "https://github.com/MystenLabs/sui.git", rev = "framework/mainnet", subdir = "crates/sui-framework/packages/sui-framework" }

dependencies = [
  { id = "MoveStdlib", name = "MoveStdlib" },
]

[[move.package]]
id = "integer_mate"
source = { git = "https://github.com/LFBuild/FullSail-CLMM-SC.git", rev = "dev", subdir = "integer_mate" }

dependencies = [
  { id = "Sui", name = "Sui" },
]

[[move.package]]
id = "voting_escrow"
source = { local = "../voting_escrow" }

dependencies = [
  { id = "Sui", name = "Sui" },
  { id = "integer_mate", name = "integer_mate" },
]

[move.toolchain-version]
compiler-version = "1.55.0"
edition = "2024.beta"
flavor = "sui"

[env]

[env.mainnet]
chain-id = "35834a8a"
original-published-id = "0xa47eb67ba9072810412acb704da24202a6702b51b0a4d9608850cd2ef53dd08a"
latest-published-id = "0xa47eb67ba9072810412acb704da24202a6702b51b0a4d9608850cd2ef53dd08a"
published-version = "1"
