# Generated by move; do not edit
# This file should be checked in.

[move]
version = 4

[pinned.mainnet.MoveStdlib]
source = { git = "https://github.com/MystenLabs/sui.git", subdir = "crates/sui-framework/packages/move-stdlib", rev = "c7566e601c9a64154850c1cb074a90d7fc11bba4" }
use_environment = "mainnet"
manifest_digest = "C4FE4C91DE74CBF223B2E380AE40F592177D21870DC2D7EB6227D2D694E05363"
deps = {}

[pinned.mainnet.Sui]
source = { git = "https://github.com/MystenLabs/sui.git", subdir = "crates/sui-framework/packages/sui-framework", rev = "c7566e601c9a64154850c1cb074a90d7fc11bba4" }
use_environment = "mainnet"
manifest_digest = "CD547CB1ACCE0880C835DAED2D8FFCB91D56C833AE5240D3AA5B918398263195"
deps = { MoveStdlib = "MoveStdlib" }

[pinned.mainnet.integer_mate]
source = { git = "https://github.com/LFBuild/FullSail-CLMM-SC.git", subdir = "integer_mate", rev = "c7c6d685fcfa4ab34657d9baef994e68719f654e" }
use_environment = "mainnet"
manifest_digest = "D6E02FF878B6E388BCC877260575EA7E9B50C7F248C6E0661C4359AA60F75475"
deps = { Sui = "Sui" }

[pinned.mainnet.ve]
source = { root = true }
use_environment = "mainnet"
manifest_digest = "36A1F81E57585C238D5743D03C1157E6648A71647FBF5BD842FC7B84A1367A18"
deps = { Sui = "Sui", integer_mate = "integer_mate", voting_escrow = "voting_escrow" }

[pinned.mainnet.voting_escrow]
source = { local = "../../voting_escrow" }
use_environment = "mainnet"
manifest_digest = "E873971DBD03BB36A4A6282885BD1D255C5F806492183A3C7007C72397CAFA48"
deps = { Sui = "Sui", integer_mate = "integer_mate" }

[pinned.testnet.MoveStdlib]
source = { git = "https://github.com/MystenLabs/sui.git", subdir = "crates/sui-framework/packages/move-stdlib", rev = "c7566e601c9a64154850c1cb074a90d7fc11bba4" }
use_environment = "testnet"
manifest_digest = "C4FE4C91DE74CBF223B2E380AE40F592177D21870DC2D7EB6227D2D694E05363"
deps = {}

[pinned.testnet.Sui]
source = { git = "https://github.com/MystenLabs/sui.git", subdir = "crates/sui-framework/packages/sui-framework", rev = "c7566e601c9a64154850c1cb074a90d7fc11bba4" }
use_environment = "testnet"
manifest_digest = "7AFB66695545775FBFBB2D3078ADFD084244D5002392E837FDE21D9EA1C6D01C"
deps = { MoveStdlib = "MoveStdlib" }

[pinned.testnet.integer_mate]
source = { git = "https://github.com/LFBuild/FullSail-CLMM-SC.git", subdir = "integer_mate", rev = "48ddee998cdf208d6c0f5f8c11f1a36e814bc396" }
use_environment = "testnet"
manifest_digest = "04F2C2F24F6DB9EB7D6997D46697671E5F788525F59E0879718AB4D32008FD57"
deps = { Sui = "Sui" }

[pinned.testnet.ve]
source = { root = true }
use_environment = "testnet"
manifest_digest = "C2E4B45E700852550B015EB8A65BB3A4BEFCE0F892BCBAD4C067CA300C85D440"
deps = { Sui = "Sui", integer_mate = "integer_mate", voting_escrow = "voting_escrow" }

[pinned.testnet.voting_escrow]
source = { local = "../../voting_escrow" }
use_environment = "testnet"
manifest_digest = "26B2709BF169497F878B707EF4E15F2704E113213A4FF821F61B350885229220"
deps = { Sui = "Sui", integer_mate = "integer_mate" }
