# @generated by Move, please check-in and do not edit manually.

[move]
version = 3
manifest_digest = "D296698375721AD23D693D45AF020E983E4E4DF3E266439013DFD392EBFF7360"
deps_digest = "CB99E3BEE139471F3765AE330F855F3B376156AA54F37DEDE11BBE5BB0D3BB74"
dependencies = [
  { id = "Sui", name = "Sui" },
  { id = "Switchboard", name = "Switchboard" },
  { id = "clmm_pool", name = "clmm_pool" },
  { id = "gauge_cap", name = "gauge_cap" },
  { id = "governance", name = "governance" },
  { id = "integer_mate", name = "integer_mate" },
  { id = "locker_cap", name = "locker_cap" },
  { id = "price_provider", name = "price_provider" },
  { id = "voting_escrow", name = "voting_escrow" },
]
dev-dependencies = [
  { id = "price_monitor", name = "price_monitor" },
]

[[move.package]]
id = "MoveStdlib"
source = { git = "https://github.com/MystenLabs/sui.git", rev = "framework/mainnet", subdir = "crates/sui-framework/packages/move-stdlib" }

[[move.package]]
id = "Sui"
source = { git = "https://github.com/MystenLabs/sui.git", rev = "framework/mainnet", subdir = "crates/sui-framework/packages/sui-framework" }

dependencies = [
  { id = "MoveStdlib", name = "MoveStdlib" },
]

[[move.package]]
id = "Switchboard"
source = { git = "https://github.com/LFBuild/sui.git", rev = "mainnet", subdir = "on_demand/" }

dependencies = [
  { id = "Sui", name = "Sui" },
]

[[move.package]]
id = "clmm_pool"
source = { git = "https://github.com/LFBuild/FullSail-CLMM-SC.git", rev = "main", subdir = "clmm_pool" }

dependencies = [
  { id = "Sui", name = "Sui" },
  { id = "gauge_cap", name = "gauge_cap" },
  { id = "integer_mate", name = "integer_mate" },
  { id = "move_stl", name = "move_stl" },
  { id = "price_provider", name = "price_provider" },
]

[[move.package]]
id = "gauge_cap"
source = { git = "https://github.com/LFBuild/FullSail-CLMM-SC.git", rev = "main", subdir = "gauge_cap" }

dependencies = [
  { id = "Sui", name = "Sui" },
]

[[move.package]]
id = "governance"
source = { local = "../governance" }

dependencies = [
  { id = "Sui", name = "Sui" },
  { id = "Switchboard", name = "Switchboard" },
  { id = "clmm_pool", name = "clmm_pool" },
  { id = "gauge_cap", name = "gauge_cap" },
  { id = "integer_mate", name = "integer_mate" },
  { id = "locker_cap", name = "locker_cap" },
  { id = "price_monitor", name = "price_monitor" },
  { id = "price_provider", name = "price_provider" },
  { id = "voting_escrow", name = "voting_escrow" },
]

[[move.package]]
id = "integer_mate"
source = { git = "https://github.com/LFBuild/FullSail-CLMM-SC.git", rev = "main", subdir = "integer_mate" }

dependencies = [
  { id = "Sui", name = "Sui" },
]

[[move.package]]
id = "locker_cap"
source = { local = "../locker_cap" }

dependencies = [
  { id = "Sui", name = "Sui" },
]

[[move.package]]
id = "move_stl"
source = { git = "https://github.com/LFBuild/FullSail-CLMM-SC.git", rev = "main", subdir = "move_stl" }

dependencies = [
  { id = "Sui", name = "Sui" },
]

[[move.package]]
id = "price_monitor"
source = { local = "../price_monitor" }

dependencies = [
  { id = "Sui", name = "Sui" },
  { id = "Switchboard", name = "Switchboard" },
  { id = "clmm_pool", name = "clmm_pool" },
  { id = "integer_mate", name = "integer_mate" },
]

[[move.package]]
id = "price_provider"
source = { git = "https://github.com/LFBuild/FullSail-CLMM-SC.git", rev = "main", subdir = "price_provider" }

dependencies = [
  { id = "Sui", name = "Sui" },
]

[[move.package]]
id = "voting_escrow"
source = { local = "../voting_escrow" }

dependencies = [
  { id = "Sui", name = "Sui" },
  { id = "integer_mate", name = "integer_mate" },
]

[move.toolchain-version]
compiler-version = "1.55.0"
edition = "2024.beta"
flavor = "sui"

[env]

[env.mainnet]
chain-id = "35834a8a"
original-published-id = "0x57dda0589452604a58708864dfcf06b174f6c6e90cc50fd6735914f8e248aa4e"
latest-published-id = "0x3bd8ebd0bed5d8890a1ad3a5f13a935548f4f3c5742945d0bfd6b0edfda8f09b"
published-version = "3"
