# @generated by Move, please check-in and do not edit manually.

[move]
version = 3
manifest_digest = "A488F11796CB57DA8E4939926AF28725E4F97AC3A57105B7F98A56BF6C8CA479"
deps_digest = "CAFAD8A7CF51067FB4358215BECB86BD100DD64E57C2AC8A7AE7D74B688F5965"
dependencies = [
  { id = "Sui", name = "Sui" },
  { id = "clmm_pool", name = "clmm_pool" },
  { id = "distribution", name = "distribution" },
  { id = "gauge_cap", name = "gauge_cap" },
  { id = "integer_mate", name = "integer_mate" },
  { id = "locker_cap", name = "locker_cap" },
  { id = "price_provider", name = "price_provider" },
]

[[move.package]]
id = "MoveStdlib"
source = { git = "https://github.com/MystenLabs/sui.git", rev = "framework/mainnet", subdir = "crates/sui-framework/packages/move-stdlib" }

[[move.package]]
id = "Sui"
source = { git = "https://github.com/MystenLabs/sui.git", rev = "framework/mainnet", subdir = "crates/sui-framework/packages/sui-framework" }

dependencies = [
  { id = "MoveStdlib", name = "MoveStdlib" },
]

[[move.package]]
id = "Switchboard"
source = { git = "https://github.com/LFBuild/sui.git", rev = "mainnet", subdir = "on_demand/" }

dependencies = [
  { id = "Sui", name = "Sui" },
]

[[move.package]]
id = "clmm_pool"
source = { git = "https://github.com/LFBuild/FullSail-CLMM-SC.git", rev = "dev", subdir = "clmm_pool" }

dependencies = [
  { id = "Sui", name = "Sui" },
  { id = "gauge_cap", name = "gauge_cap" },
  { id = "integer_mate", name = "integer_mate" },
  { id = "move_stl", name = "move_stl" },
  { id = "price_provider", name = "price_provider" },
]

[[move.package]]
id = "distribution"
source = { local = "../distribution" }

dependencies = [
  { id = "Sui", name = "Sui" },
  { id = "Switchboard", name = "Switchboard" },
  { id = "clmm_pool", name = "clmm_pool" },
  { id = "gauge_cap", name = "gauge_cap" },
  { id = "integer_mate", name = "integer_mate" },
  { id = "locker_cap", name = "locker_cap" },
  { id = "price_provider", name = "price_provider" },
]

[[move.package]]
id = "gauge_cap"
source = { git = "https://github.com/LFBuild/FullSail-CLMM-SC.git", rev = "dev", subdir = "gauge_cap" }

dependencies = [
  { id = "Sui", name = "Sui" },
]

[[move.package]]
id = "integer_mate"
source = { git = "https://github.com/LFBuild/FullSail-CLMM-SC.git", rev = "dev", subdir = "integer_mate" }

dependencies = [
  { id = "Sui", name = "Sui" },
]

[[move.package]]
id = "locker_cap"
source = { local = "../locker_cap" }

dependencies = [
  { id = "Sui", name = "Sui" },
]

[[move.package]]
id = "move_stl"
source = { git = "https://github.com/LFBuild/FullSail-CLMM-SC.git", rev = "dev", subdir = "move_stl" }

dependencies = [
  { id = "Sui", name = "Sui" },
]

[[move.package]]
id = "price_provider"
source = { git = "https://github.com/LFBuild/FullSail-CLMM-SC.git", rev = "dev", subdir = "price_provider" }

dependencies = [
  { id = "Sui", name = "Sui" },
]

[move.toolchain-version]
compiler-version = "1.49.1"
edition = "2024.beta"
flavor = "sui"

[env]

[env.mainnet]
chain-id = "35834a8a"
original-published-id = "0x99001472f26abd7e5e7c02624d0e92840dd568b72816db01c1cc1a73426bc431"
latest-published-id = "0x99001472f26abd7e5e7c02624d0e92840dd568b72816db01c1cc1a73426bc431"
published-version = "1"
