# @generated by Move, please check-in and do not edit manually.

[move]
version = 3
manifest_digest = "3207F55CB556B2D1680736C38484845D342C9D1A08E4A69F18E188668D686C45"
deps_digest = "F9B494B64F0615AED0E98FC12A85B85ECD2BC5185C22D30E7F67786BB52E507C"
dependencies = [
  { id = "Sui", name = "Sui" },
  { id = "Switchboard", name = "Switchboard" },
  { id = "clmm_pool", name = "clmm_pool" },
  { id = "integer_mate", name = "integer_mate" },
]

[[move.package]]
id = "MoveStdlib"
source = { git = "https://github.com/MystenLabs/sui.git", rev = "framework/mainnet", subdir = "crates/sui-framework/packages/move-stdlib" }

[[move.package]]
id = "Sui"
source = { git = "https://github.com/MystenLabs/sui.git", rev = "framework/mainnet", subdir = "crates/sui-framework/packages/sui-framework" }

dependencies = [
  { id = "MoveStdlib", name = "MoveStdlib" },
]

[[move.package]]
id = "Switchboard"
source = { git = "https://github.com/LFBuild/sui.git", rev = "mainnet", subdir = "on_demand/" }

dependencies = [
  { id = "Sui", name = "Sui" },
]

[[move.package]]
id = "clmm_pool"
source = { git = "https://github.com/LFBuild/FullSail-CLMM-SC.git", rev = "main", subdir = "clmm_pool" }

dependencies = [
  { id = "Sui", name = "Sui" },
  { id = "gauge_cap", name = "gauge_cap" },
  { id = "integer_mate", name = "integer_mate" },
  { id = "move_stl", name = "move_stl" },
  { id = "price_provider", name = "price_provider" },
]

[[move.package]]
id = "gauge_cap"
source = { git = "https://github.com/LFBuild/FullSail-CLMM-SC.git", rev = "main", subdir = "gauge_cap" }

dependencies = [
  { id = "Sui", name = "Sui" },
]

[[move.package]]
id = "integer_mate"
source = { git = "https://github.com/LFBuild/FullSail-CLMM-SC.git", rev = "main", subdir = "integer_mate" }

dependencies = [
  { id = "Sui", name = "Sui" },
]

[[move.package]]
id = "move_stl"
source = { git = "https://github.com/LFBuild/FullSail-CLMM-SC.git", rev = "main", subdir = "move_stl" }

dependencies = [
  { id = "Sui", name = "Sui" },
]

[[move.package]]
id = "price_provider"
source = { git = "https://github.com/LFBuild/FullSail-CLMM-SC.git", rev = "main", subdir = "price_provider" }

dependencies = [
  { id = "Sui", name = "Sui" },
]

[move.toolchain-version]
compiler-version = "1.54.1"
edition = "2024"
flavor = "sui"

[dependencies.Sui]
git = "https://github.com/MystenLabs/sui.git"
subdir = "crates/sui-framework/packages/sui-framework"
rev = "framework/mainnet"
override = true

[dependencies.Switchboard]
git = "https://github.com/LFBuild/sui.git"
subdir = "on_demand/"
rev = "mainnet"

[dependencies.clmm_pool]
git = "https://github.com/LFBuild/FullSail-CLMM-SC.git"
subdir = "clmm_pool"
rev = "dev"
override = true

[dependencies.integer_mate]
git = "https://github.com/LFBuild/FullSail-CLMM-SC.git"
subdir = "integer_mate"
rev = "dev"
override = true

[dependencies.gauge_cap]
git = "https://github.com/LFBuild/FullSail-CLMM-SC.git"
subdir = "gauge_cap"
rev = "dev"
override = true

[env]

[env.mainnet]
chain-id = "35834a8a"
original-published-id = "0x82fd97f4ab360844693e9bfe655765a7bd1351f18e2a89b2a1eaf694b4390778"
latest-published-id = "0x82fd97f4ab360844693e9bfe655765a7bd1351f18e2a89b2a1eaf694b4390778"
published-version = "1"
