# @generated by Move, please check-in and do not edit manually.

[move]
version = 3
manifest_digest = "F25E342BC8F457E6BBB1D2218FBFC48EC01AFDA388F146A9C1FED4494A27042A"
deps_digest = "F9B494B64F0615AED0E98FC12A85B85ECD2BC5185C22D30E7F67786BB52E507C"
dependencies = [
  { id = "Sui", name = "Sui" },
  { id = "clmm_pool", name = "clmm_pool" },
  { id = "gauge_cap", name = "gauge_cap" },
  { id = "integer_mate", name = "integer_mate" },
]

[[move.package]]
id = "MoveStdlib"
source = { git = "https://github.com/MystenLabs/sui.git", rev = "framework/testnet", subdir = "crates/sui-framework/packages/move-stdlib" }

[[move.package]]
id = "Sui"
source = { git = "https://github.com/MystenLabs/sui.git", rev = "framework/testnet", subdir = "crates/sui-framework/packages/sui-framework" }

dependencies = [
  { id = "MoveStdlib", name = "MoveStdlib" },
]

[[move.package]]
id = "clmm_pool"
source = { local = "../clmm_pool" }

dependencies = [
  { id = "Sui", name = "Sui" },
  { id = "gauge_cap", name = "gauge_cap" },
  { id = "integer_mate", name = "integer_mate" },
  { id = "move_stl", name = "move_stl" },
]

[[move.package]]
id = "gauge_cap"
source = { local = "../gauge_cap" }

dependencies = [
  { id = "Sui", name = "Sui" },
]

[[move.package]]
id = "integer_mate"
source = { local = "../integer_mate" }

dependencies = [
  { id = "Sui", name = "Sui" },
]

[[move.package]]
id = "move_stl"
source = { local = "../move_stl" }

dependencies = [
  { id = "Sui", name = "Sui" },
]

[move.toolchain-version]
compiler-version = "1.45.2"
edition = "2024"
flavor = "sui"

[env]

[env.mainnet]
chain-id = "35834a8a"
original-published-id = "0xfc42c50c11c4d6abfbb36d1d38e1023140d610e68c5ca1b8caff7cd6c0b405cb"
latest-published-id = "0xfc42c50c11c4d6abfbb36d1d38e1023140d610e68c5ca1b8caff7cd6c0b405cb"
published-version = "1"

[env.testnet]
chain-id = "4c78adac"
original-published-id = "0x56e79fddd96ef2a0710f52edcb6025dbdf6d85b0029c8d599429da518bed0509"
latest-published-id = "0x56e79fddd96ef2a0710f52edcb6025dbdf6d85b0029c8d599429da518bed0509"
published-version = "1"
