# @generated by Move, please check-in and do not edit manually.

[move]
version = 3
manifest_digest = "B41CB75B7D0F0852FA4AF12049E8327BC9F8D2B37CC99B2B737D908620C426D2"
deps_digest = "CB99E3BEE139471F3765AE330F855F3B376156AA54F37DEDE11BBE5BB0D3BB74"
dependencies = [
  { id = "Sui", name = "Sui" },
  { id = "Switchboard", name = "Switchboard" },
  { id = "clmm_pool", name = "clmm_pool" },
  { id = "gauge_cap", name = "gauge_cap" },
  { id = "governance", name = "governance" },
  { id = "integer_mate", name = "integer_mate" },
  { id = "locker_cap", name = "locker_cap" },
  { id = "price_monitor", name = "price_monitor" },
  { id = "price_provider", name = "price_provider" },
  { id = "ve", name = "ve" },
]

[[move.package]]
id = "MoveStdlib"
source = { git = "https://github.com/MystenLabs/sui.git", rev = "framework/mainnet", subdir = "crates/sui-framework/packages/move-stdlib" }

[[move.package]]
id = "Sui"
source = { git = "https://github.com/MystenLabs/sui.git", rev = "framework/mainnet", subdir = "crates/sui-framework/packages/sui-framework" }

dependencies = [
  { id = "MoveStdlib", name = "MoveStdlib" },
]

[[move.package]]
id = "Switchboard"
source = { git = "https://github.com/LFBuild/sui.git", rev = "mainnet", subdir = "on_demand/" }

dependencies = [
  { id = "Sui", name = "Sui" },
]

[[move.package]]
id = "clmm_pool"
source = { git = "https://github.com/LFBuild/FullSail-CLMM-SC.git", rev = "dev", subdir = "clmm_pool" }

dependencies = [
  { id = "Sui", name = "Sui" },
  { id = "gauge_cap", name = "gauge_cap" },
  { id = "integer_mate", name = "integer_mate" },
  { id = "move_stl", name = "move_stl" },
  { id = "price_provider", name = "price_provider" },
]

[[move.package]]
id = "gauge_cap"
source = { git = "https://github.com/LFBuild/FullSail-CLMM-SC.git", rev = "dev", subdir = "gauge_cap" }

dependencies = [
  { id = "Sui", name = "Sui" },
]

[[move.package]]
id = "governance"
source = { local = "../governance" }

dependencies = [
  { id = "Sui", name = "Sui" },
  { id = "Switchboard", name = "Switchboard" },
  { id = "clmm_pool", name = "clmm_pool" },
  { id = "gauge_cap", name = "gauge_cap" },
  { id = "integer_mate", name = "integer_mate" },
  { id = "locker_cap", name = "locker_cap" },
  { id = "price_monitor", name = "price_monitor" },
  { id = "price_provider", name = "price_provider" },
  { id = "voting_escrow", name = "voting_escrow" },
]

[[move.package]]
id = "integer_mate"
source = { git = "https://github.com/LFBuild/FullSail-CLMM-SC.git", rev = "dev", subdir = "integer_mate" }

dependencies = [
  { id = "Sui", name = "Sui" },
]

[[move.package]]
id = "locker_cap"
source = { local = "../locker_cap" }

dependencies = [
  { id = "Sui", name = "Sui" },
]

[[move.package]]
id = "move_stl"
source = { git = "https://github.com/LFBuild/FullSail-CLMM-SC.git", rev = "dev", subdir = "move_stl" }

dependencies = [
  { id = "Sui", name = "Sui" },
]

[[move.package]]
id = "price_monitor"
source = { local = "../price_monitor" }

dependencies = [
  { id = "Sui", name = "Sui" },
  { id = "Switchboard", name = "Switchboard" },
  { id = "clmm_pool", name = "clmm_pool" },
  { id = "integer_mate", name = "integer_mate" },
]

[[move.package]]
id = "price_provider"
source = { git = "https://github.com/LFBuild/FullSail-CLMM-SC.git", rev = "dev", subdir = "price_provider" }

dependencies = [
  { id = "Sui", name = "Sui" },
]

[[move.package]]
id = "ve"
source = { local = "../ve" }

dependencies = [
  { id = "Sui", name = "Sui" },
  { id = "integer_mate", name = "integer_mate" },
  { id = "voting_escrow", name = "voting_escrow" },
]

[[move.package]]
id = "voting_escrow"
source = { local = "../voting_escrow" }

dependencies = [
  { id = "Sui", name = "Sui" },
  { id = "integer_mate", name = "integer_mate" },
]

[move.toolchain-version]
compiler-version = "1.55.0"
edition = "2024"
flavor = "sui"

[env]

[env.mainnet]
chain-id = "35834a8a"
original-published-id = "0x2f3827c5462f19283c33f3fe55169edd49093c18366b831b626ed9517c4baf99"
latest-published-id = "0x9c0c33321a7a3c9252580d9c9eb51f2278dae23f222b239a6dec0a545e325d3a"
published-version = "3"
