# @generated by Move, please check-in and do not edit manually.

[move]
version = 3
manifest_digest = "2C70219CED8DC7578CC6A24EACE205BB8735D4F83DDA399273BD5BF9C1297BEF"
deps_digest = "8227D341C0550A37580C10FA45FE148A465225149C69D179737E0FE454AD6AEC"
dependencies = [
  { id = "Sui", name = "Sui" },
  { id = "Switchboard", name = "Switchboard" },
  { id = "clmm_pool", name = "clmm_pool" },
  { id = "gauge_cap", name = "gauge_cap" },
  { id = "integer_mate", name = "integer_mate" },
  { id = "locker_cap", name = "locker_cap" },
  { id = "price_monitor", name = "price_monitor" },
  { id = "price_provider", name = "price_provider" },
  { id = "voting_escrow", name = "voting_escrow" },
]

[[move.package]]
id = "MoveStdlib"
source = { git = "https://github.com/MystenLabs/sui.git", rev = "framework/mainnet", subdir = "crates/sui-framework/packages/move-stdlib" }

[[move.package]]
id = "Sui"
source = { git = "https://github.com/MystenLabs/sui.git", rev = "framework/mainnet", subdir = "crates/sui-framework/packages/sui-framework" }

dependencies = [
  { id = "MoveStdlib", name = "MoveStdlib" },
]

[[move.package]]
id = "Switchboard"
source = { git = "https://github.com/LFBuild/sui.git", rev = "mainnet", subdir = "on_demand/" }

dependencies = [
  { id = "Sui", name = "Sui" },
]

[[move.package]]
id = "clmm_pool"
source = { git = "https://github.com/LFBuild/FullSail-CLMM-SC.git", rev = "dev", subdir = "clmm_pool" }

dependencies = [
  { id = "Sui", name = "Sui" },
  { id = "gauge_cap", name = "gauge_cap" },
  { id = "integer_mate", name = "integer_mate" },
  { id = "move_stl", name = "move_stl" },
  { id = "price_provider", name = "price_provider" },
]

[[move.package]]
id = "gauge_cap"
source = { git = "https://github.com/LFBuild/FullSail-CLMM-SC.git", rev = "dev", subdir = "gauge_cap" }

dependencies = [
  { id = "Sui", name = "Sui" },
]

[[move.package]]
id = "integer_mate"
source = { git = "https://github.com/LFBuild/FullSail-CLMM-SC.git", rev = "dev", subdir = "integer_mate" }

dependencies = [
  { id = "Sui", name = "Sui" },
]

[[move.package]]
id = "locker_cap"
source = { local = "../locker_cap" }

dependencies = [
  { id = "Sui", name = "Sui" },
]

[[move.package]]
id = "move_stl"
source = { git = "https://github.com/LFBuild/FullSail-CLMM-SC.git", rev = "dev", subdir = "move_stl" }

dependencies = [
  { id = "Sui", name = "Sui" },
]

[[move.package]]
id = "price_monitor"
source = { local = "../price_monitor" }

dependencies = [
  { id = "Sui", name = "Sui" },
  { id = "Switchboard", name = "Switchboard" },
  { id = "clmm_pool", name = "clmm_pool" },
  { id = "integer_mate", name = "integer_mate" },
]

[[move.package]]
id = "price_provider"
source = { git = "https://github.com/LFBuild/FullSail-CLMM-SC.git", rev = "dev", subdir = "price_provider" }

dependencies = [
  { id = "Sui", name = "Sui" },
]

[[move.package]]
id = "voting_escrow"
source = { local = "../voting_escrow" }

dependencies = [
  { id = "Sui", name = "Sui" },
  { id = "integer_mate", name = "integer_mate" },
]

[move.toolchain-version]
compiler-version = "1.61.2"
edition = "2024"
flavor = "sui"

[env]

[env.mainnet]
chain-id = "35834a8a"
original-published-id = "0xebd610a15f0caa02527f4544eaf56fb4655ef493e8654f44a14220e442245d2e"
latest-published-id = "0x140696502cfb854d975c40ac778d2f630d24857d3be88a0dd7178fab6de27ffe"
published-version = "3"
