# Generated by move; do not edit
# This file should be checked in.

[move]
version = 4

[pinned.mainnet.MoveStdlib]
source = { git = "https://github.com/MystenLabs/sui.git", subdir = "crates/sui-framework/packages/move-stdlib", rev = "1073a8fbf6cfa0d4a4d2bf34b2494a212116089c" }
use_environment = "mainnet"
manifest_digest = "C4FE4C91DE74CBF223B2E380AE40F592177D21870DC2D7EB6227D2D694E05363"
deps = {}

[pinned.mainnet.Sui]
source = { git = "https://github.com/MystenLabs/sui.git", subdir = "crates/sui-framework/packages/sui-framework", rev = "1073a8fbf6cfa0d4a4d2bf34b2494a212116089c" }
use_environment = "mainnet"
manifest_digest = "CD547CB1ACCE0880C835DAED2D8FFCB91D56C833AE5240D3AA5B918398263195"
deps = { MoveStdlib = "MoveStdlib" }

[pinned.mainnet.Switchboard]
source = { git = "https://github.com/LFBuild/sui.git", subdir = "on_demand", rev = "5ee11d39cb3f4c105d907f688f52f1d4956eaecd" }
use_environment = "mainnet"
manifest_digest = "BA49968BFF7C4A4D9F013B59535CF8B89D935A7C6D63C121606B1FE844829B72"
deps = { Sui = "Sui" }

[pinned.mainnet.clmm_pool]
source = { git = "https://github.com/LFBuild/FullSail-CLMM-SC.git", subdir = "clmm_pool", rev = "3395059bd253b4db6b5cee644eb4ebd8c38f7c4b" }
use_environment = "mainnet"
manifest_digest = "F1066BE7B4DA34945E01D4DB64EABAB0426F6F53536F290F3EF521EBDF445DDE"
deps = { Sui = "Sui", gauge_cap = "gauge_cap", integer_mate = "integer_mate", move_stl = "move_stl", price_provider = "price_provider" }

[pinned.mainnet.gauge_cap]
source = { git = "https://github.com/LFBuild/FullSail-CLMM-SC.git", subdir = "gauge_cap", rev = "3395059bd253b4db6b5cee644eb4ebd8c38f7c4b" }
use_environment = "mainnet"
manifest_digest = "D6E02FF878B6E388BCC877260575EA7E9B50C7F248C6E0661C4359AA60F75475"
deps = { Sui = "Sui" }

[pinned.mainnet.governance]
source = { root = true }
use_environment = "mainnet"
manifest_digest = "4F8CF39941223DFF7F33104B7D047D9B4B6A8636EA7D0840B4721DA2145D021B"
deps = { Sui = "Sui", Switchboard = "Switchboard", clmm_pool = "clmm_pool", gauge_cap = "gauge_cap", integer_mate = "integer_mate", locker_cap = "locker_cap", price_monitor = "price_monitor", price_provider = "price_provider", voting_escrow = "voting_escrow" }

[pinned.mainnet.integer_mate]
source = { git = "https://github.com/LFBuild/FullSail-CLMM-SC.git", subdir = "integer_mate", rev = "3395059bd253b4db6b5cee644eb4ebd8c38f7c4b" }
use_environment = "mainnet"
manifest_digest = "D6E02FF878B6E388BCC877260575EA7E9B50C7F248C6E0661C4359AA60F75475"
deps = { Sui = "Sui" }

[pinned.mainnet.locker_cap]
source = { local = "../locker_cap" }
use_environment = "mainnet"
manifest_digest = "D6E02FF878B6E388BCC877260575EA7E9B50C7F248C6E0661C4359AA60F75475"
deps = { Sui = "Sui" }

[pinned.mainnet.move_stl]
source = { git = "https://github.com/LFBuild/FullSail-CLMM-SC.git", subdir = "move_stl", rev = "3395059bd253b4db6b5cee644eb4ebd8c38f7c4b" }
use_environment = "mainnet"
manifest_digest = "D6E02FF878B6E388BCC877260575EA7E9B50C7F248C6E0661C4359AA60F75475"
deps = { Sui = "Sui" }

[pinned.mainnet.price_monitor]
source = { local = "../price_monitor" }
use_environment = "mainnet"
manifest_digest = "DE3B4B21BEB8CF6B042C704102752A5DD6FF7C0FB24D5CA0442B845322B38C66"
deps = { Sui = "Sui", Switchboard = "Switchboard", clmm_pool = "clmm_pool", integer_mate = "integer_mate" }

[pinned.mainnet.price_provider]
source = { git = "https://github.com/LFBuild/FullSail-CLMM-SC.git", subdir = "price_provider", rev = "3395059bd253b4db6b5cee644eb4ebd8c38f7c4b" }
use_environment = "mainnet"
manifest_digest = "D6E02FF878B6E388BCC877260575EA7E9B50C7F248C6E0661C4359AA60F75475"
deps = { Sui = "Sui" }

[pinned.mainnet.voting_escrow]
source = { local = "../voting_escrow" }
use_environment = "mainnet"
manifest_digest = "6306843ED13AAB289B48852DC9EA0F65B51DCCADC8EA53F211E300F5291D0938"
deps = { Sui = "Sui", integer_mate = "integer_mate" }
