# Generated by move; do not edit
# This file should be checked in.

[move]
version = 4

[pinned.testnet.MoveStdlib]
source = { git = "https://github.com/MystenLabs/sui.git", subdir = "crates/sui-framework/packages/move-stdlib", rev = "04dd28d5c5d92bff685ddfecb86f8acce18ce6df" }
use_environment = "testnet"
manifest_digest = "C4FE4C91DE74CBF223B2E380AE40F592177D21870DC2D7EB6227D2D694E05363"
deps = {}

[pinned.testnet.Sui]
source = { git = "https://github.com/MystenLabs/sui.git", subdir = "crates/sui-framework/packages/sui-framework", rev = "04dd28d5c5d92bff685ddfecb86f8acce18ce6df" }
use_environment = "testnet"
manifest_digest = "7AFB66695545775FBFBB2D3078ADFD084244D5002392E837FDE21D9EA1C6D01C"
deps = { MoveStdlib = "MoveStdlib" }

[pinned.testnet.Switchboard]
source = { git = "https://github.com/LFBuild/sui.git", subdir = "on_demand", rev = "5ee11d39cb3f4c105d907f688f52f1d4956eaecd" }
use_environment = "testnet"
manifest_digest = "DEE42C89BB3F8EC67C17BC4AE0CEBE14A28F4FA787E857046EAF0FA38D556496"
deps = { Sui = "Sui" }

[pinned.testnet.clmm_pool]
source = { git = "https://github.com/LFBuild/FullSail-CLMM-SC.git", subdir = "clmm_pool", rev = "61e9155067b8a888de889d6e5d3a098217a172dd" }
use_environment = "testnet"
manifest_digest = "24EA586AD053C0C6DE39C7A22EE75E8AA84EBF08AFFC4A4A3BD263B2AF5FDEC0"
deps = { Sui = "Sui", gauge_cap = "gauge_cap", integer_mate = "integer_mate", move_stl = "move_stl", price_provider = "price_provider" }

[pinned.testnet.gauge_cap]
source = { git = "https://github.com/LFBuild/FullSail-CLMM-SC.git", subdir = "gauge_cap", rev = "61e9155067b8a888de889d6e5d3a098217a172dd" }
use_environment = "testnet"
manifest_digest = "04F2C2F24F6DB9EB7D6997D46697671E5F788525F59E0879718AB4D32008FD57"
deps = { Sui = "Sui" }

[pinned.testnet.governance]
source = { root = true }
use_environment = "testnet"
manifest_digest = "7AEAC88D783CBD1A1858125587E04BFB0359B68977E67292BC1F6B7293FCCEC8"
deps = { Sui = "Sui", Switchboard = "Switchboard", clmm_pool = "clmm_pool", gauge_cap = "gauge_cap", integer_mate = "integer_mate", locker_cap = "locker_cap", price_monitor = "price_monitor", price_provider = "price_provider", voting_escrow = "voting_escrow" }

[pinned.testnet.integer_mate]
source = { git = "https://github.com/LFBuild/FullSail-CLMM-SC.git", subdir = "integer_mate", rev = "61e9155067b8a888de889d6e5d3a098217a172dd" }
use_environment = "testnet"
manifest_digest = "04F2C2F24F6DB9EB7D6997D46697671E5F788525F59E0879718AB4D32008FD57"
deps = { Sui = "Sui" }

[pinned.testnet.locker_cap]
source = { local = "../locker_cap" }
use_environment = "testnet"
manifest_digest = "04F2C2F24F6DB9EB7D6997D46697671E5F788525F59E0879718AB4D32008FD57"
deps = { Sui = "Sui" }

[pinned.testnet.move_stl]
source = { git = "https://github.com/LFBuild/FullSail-CLMM-SC.git", subdir = "move_stl", rev = "61e9155067b8a888de889d6e5d3a098217a172dd" }
use_environment = "testnet"
manifest_digest = "04F2C2F24F6DB9EB7D6997D46697671E5F788525F59E0879718AB4D32008FD57"
deps = { Sui = "Sui" }

[pinned.testnet.price_monitor]
source = { local = "../price_monitor" }
use_environment = "testnet"
manifest_digest = "344C2676AAEF3CDB212C0D10A9061B6A3C91D5505F843AA4C7CB6E76C494073C"
deps = { Sui = "Sui", Switchboard = "Switchboard", clmm_pool = "clmm_pool", integer_mate = "integer_mate" }

[pinned.testnet.price_provider]
source = { git = "https://github.com/LFBuild/FullSail-CLMM-SC.git", subdir = "price_provider", rev = "61e9155067b8a888de889d6e5d3a098217a172dd" }
use_environment = "testnet"
manifest_digest = "04F2C2F24F6DB9EB7D6997D46697671E5F788525F59E0879718AB4D32008FD57"
deps = { Sui = "Sui" }

[pinned.testnet.voting_escrow]
source = { local = "../voting_escrow" }
use_environment = "testnet"
manifest_digest = "26B2709BF169497F878B707EF4E15F2704E113213A4FF821F61B350885229220"
deps = { Sui = "Sui", integer_mate = "integer_mate" }
