# Generated by move; do not edit
# This file should be checked in.

[move]
version = 4

[pinned.mainnet.MoveStdlib]
source = { git = "https://github.com/MystenLabs/sui.git", subdir = "crates/sui-framework/packages/move-stdlib", rev = "563c15820b27dec9cbe75f826a3b6243ef44da1a" }
use_environment = "mainnet"
manifest_digest = "C4FE4C91DE74CBF223B2E380AE40F592177D21870DC2D7EB6227D2D694E05363"
deps = {}

[pinned.mainnet.MoveStdlib_1]
source = { git = "https://github.com/MystenLabs/sui.git", subdir = "crates/sui-framework/packages/move-stdlib", rev = "c7566e601c9a64154850c1cb074a90d7fc11bba4" }
use_environment = "mainnet"
manifest_digest = "C4FE4C91DE74CBF223B2E380AE40F592177D21870DC2D7EB6227D2D694E05363"
deps = {}

[pinned.mainnet.Sui]
source = { git = "https://github.com/MystenLabs/sui.git", subdir = "crates/sui-framework/packages/sui-framework", rev = "563c15820b27dec9cbe75f826a3b6243ef44da1a" }
use_environment = "mainnet"
manifest_digest = "CD547CB1ACCE0880C835DAED2D8FFCB91D56C833AE5240D3AA5B918398263195"
deps = { MoveStdlib = "MoveStdlib" }

[pinned.mainnet.SuiTears]
source = { git = "https://github.com/LFBuild/suitears.git", subdir = "contracts", rev = "1aa77e19cdd7d6cbb5a9265c58b21396185d2d61" }
use_environment = "mainnet"
manifest_digest = "3876920E3F5449B657525E749B996C31141507452514AF2E259F5441554DCDDF"
deps = { Sui = "Sui_1" }

[pinned.mainnet.Sui_1]
source = { git = "https://github.com/MystenLabs/sui.git", subdir = "crates/sui-framework/packages/sui-framework", rev = "c7566e601c9a64154850c1cb074a90d7fc11bba4" }
use_environment = "mainnet"
manifest_digest = "CD547CB1ACCE0880C835DAED2D8FFCB91D56C833AE5240D3AA5B918398263195"
deps = { MoveStdlib = "MoveStdlib_1" }

[pinned.mainnet.airdrop]
source = { root = true }
use_environment = "mainnet"
manifest_digest = "F79307A5BEAC87B87F9DCA7EF7C4670313A87C80BEC82DF701E66CA931F36AE0"
deps = { SuiTears = "SuiTears", std = "MoveStdlib", sui = "Sui", ve = "ve", voting_escrow = "voting_escrow" }

[pinned.mainnet.integer_mate]
source = { git = "https://github.com/LFBuild/FullSail-CLMM-SC.git", subdir = "integer_mate", rev = "48ddee998cdf208d6c0f5f8c11f1a36e814bc396" }
use_environment = "mainnet"
manifest_digest = "D6E02FF878B6E388BCC877260575EA7E9B50C7F248C6E0661C4359AA60F75475"
deps = { Sui = "Sui_1" }

[pinned.mainnet.ve]
source = { local = "../legacy/ve" }
use_environment = "mainnet"
manifest_digest = "07CA07044B0B2DFE181E93DBEF984C07DA69246F761AD19AE7C18D2290AB7617"
deps = { Sui = "Sui_1", integer_mate = "integer_mate", voting_escrow = "voting_escrow" }

[pinned.mainnet.voting_escrow]
source = { local = "../voting_escrow" }
use_environment = "mainnet"
manifest_digest = "6306843ED13AAB289B48852DC9EA0F65B51DCCADC8EA53F211E300F5291D0938"
deps = { Sui = "Sui_1", integer_mate = "integer_mate" }
