# @generated by Move, please check-in and do not edit manually.

[move]
version = 3
manifest_digest = "C4BDE7031A3E149D0783F70DF1079632379763FFDC5521E84FF06823123557FE"
deps_digest = "F8BBB0CCB2491CA29A3DF03D6F92277A4F3574266507ACD77214D37ECA3F3082"
dependencies = [
  { id = "Sui", name = "Sui" },
]

[[move.package]]
id = "MoveStdlib"
source = { git = "https://github.com/MystenLabs/sui.git", rev = "framework/testnet", subdir = "crates/sui-framework/packages/move-stdlib" }

[[move.package]]
id = "Sui"
source = { git = "https://github.com/MystenLabs/sui.git", rev = "framework/testnet", subdir = "crates/sui-framework/packages/sui-framework" }

dependencies = [
  { id = "MoveStdlib", name = "MoveStdlib" },
]

[move.toolchain-version]
compiler-version = "1.45.0"
edition = "2024"
flavor = "sui"

[env]

[env.mainnet]
chain-id = "35834a8a"
original-published-id = "0xdf052cb00b5854ff9f83e1dc39475ad1d61d70f55ad9bb07d4bbb6ced4f1caa0"
latest-published-id = "0xdf052cb00b5854ff9f83e1dc39475ad1d61d70f55ad9bb07d4bbb6ced4f1caa0"
published-version = "1"

[env.testnet]
chain-id = "4c78adac"
original-published-id = "0x24337c4ed7727c08cc28c3b08c0d216c6a5c032620eb8923f87d565bdd6c7581"
latest-published-id = "0x24337c4ed7727c08cc28c3b08c0d216c6a5c032620eb8923f87d565bdd6c7581"
published-version = "1"
