# @generated by Move, please check-in and do not edit manually.

[move]
version = 3
manifest_digest = "047D193BE49FB3C7285F1ECA483D64D20BA32BFFCC6B76FE3C282706FBB1E129"
deps_digest = "F8BBB0CCB2491CA29A3DF03D6F92277A4F3574266507ACD77214D37ECA3F3082"
dependencies = [
  { id = "Sui", name = "Sui" },
]

[[move.package]]
id = "MoveStdlib"
source = { git = "https://github.com/MystenLabs/sui.git", rev = "framework/testnet", subdir = "crates/sui-framework/packages/move-stdlib" }

[[move.package]]
id = "Sui"
source = { git = "https://github.com/MystenLabs/sui.git", rev = "framework/testnet", subdir = "crates/sui-framework/packages/sui-framework" }

dependencies = [
  { id = "MoveStdlib", name = "MoveStdlib" },
]

[move.toolchain-version]
compiler-version = "1.42.2"
edition = "2024"
flavor = "sui"

[env]

[env.mainnet]
chain-id = "35834a8a"
original-published-id = "0xd5dca9246b84c016555cc96c8b2f183db9341e97103da6d787087a0e9277f62b"
latest-published-id = "0xd5dca9246b84c016555cc96c8b2f183db9341e97103da6d787087a0e9277f62b"
published-version = "1"
