# @generated by Move, please check-in and do not edit manually.

[move]
version = 3
manifest_digest = "EDDB6FD14853C84F7CE398E91B1AB58BE9F5246C212E64E76195D6AD328E124A"
deps_digest = "F8BBB0CCB2491CA29A3DF03D6F92277A4F3574266507ACD77214D37ECA3F3082"
dependencies = [
  { id = "Sui", name = "Sui" },
]

[[move.package]]
id = "MoveStdlib"
source = { git = "https://github.com/MystenLabs/sui.git", rev = "framework/mainnet", subdir = "crates/sui-framework/packages/move-stdlib" }

[[move.package]]
id = "Sui"
source = { git = "https://github.com/MystenLabs/sui.git", rev = "framework/mainnet", subdir = "crates/sui-framework/packages/sui-framework" }

dependencies = [
  { id = "MoveStdlib", name = "MoveStdlib" },
]

[move.toolchain-version]
compiler-version = "1.46.2"
edition = "2024"
flavor = "sui"

[env]

[env.mainnet]
chain-id = "35834a8a"
original-published-id = "0x4b34e395f3bff8a825ba7354214014d68ed806e55d5739aaa7763d422f4fa76d"
latest-published-id = "0x4b34e395f3bff8a825ba7354214014d68ed806e55d5739aaa7763d422f4fa76d"
published-version = "1"

[env.testnet]
chain-id = "4c78adac"
original-published-id = "0x24337c4ed7727c08cc28c3b08c0d216c6a5c032620eb8923f87d565bdd6c7581"
latest-published-id = "0x24337c4ed7727c08cc28c3b08c0d216c6a5c032620eb8923f87d565bdd6c7581"
published-version = "1"
