# @generated by Move, please check-in and do not edit manually.

[move]
version = 3
manifest_digest = "2F24B6261B8FB37549B27D944A9520147AA5B4DF74D946C469DC51B985DB99AB"
deps_digest = "F8BBB0CCB2491CA29A3DF03D6F92277A4F3574266507ACD77214D37ECA3F3082"
dependencies = [
  { id = "Sui", name = "Sui" },
]

[[move.package]]
id = "MoveStdlib"
source = { git = "https://github.com/MystenLabs/sui.git", rev = "framework/mainnet", subdir = "crates/sui-framework/packages/move-stdlib" }

[[move.package]]
id = "Sui"
source = { git = "https://github.com/MystenLabs/sui.git", rev = "framework/mainnet", subdir = "crates/sui-framework/packages/sui-framework" }

dependencies = [
  { id = "MoveStdlib", name = "MoveStdlib" },
]

[move.toolchain-version]
compiler-version = "1.46.1"
edition = "2024"
flavor = "sui"

[env]

[env.mainnet]
chain-id = "35834a8a"
original-published-id = "0xe1262c3d7c8cf295a5ad90814cc06578186d43911a256ab7cf8e11d18e86815f"
latest-published-id = "0xe1262c3d7c8cf295a5ad90814cc06578186d43911a256ab7cf8e11d18e86815f"
published-version = "1"

[env.testnet]
chain-id = "4c78adac"
original-published-id = "0x2439526f2e94a1a14241d4ca0542952a81828bc7d75e0e85f65b136998581ae0"
latest-published-id = "0x2439526f2e94a1a14241d4ca0542952a81828bc7d75e0e85f65b136998581ae0"
published-version = "1"
