# @generated by Move, please check-in and do not edit manually.

[move]
version = 3
manifest_digest = "1293C1628D8751C7F39B706FC2A8041B32466C622655E88B5CFC980654B6857A"
deps_digest = "F8BBB0CCB2491CA29A3DF03D6F92277A4F3574266507ACD77214D37ECA3F3082"
dependencies = [
  { id = "Sui", name = "Sui" },
]

[[move.package]]
id = "MoveStdlib"
source = { git = "https://github.com/MystenLabs/sui.git", rev = "framework/testnet", subdir = "crates/sui-framework/packages/move-stdlib" }

[[move.package]]
id = "Sui"
source = { git = "https://github.com/MystenLabs/sui.git", rev = "framework/testnet", subdir = "crates/sui-framework/packages/sui-framework" }

dependencies = [
  { id = "MoveStdlib", name = "MoveStdlib" },
]

[move.toolchain-version]
compiler-version = "1.45.2"
edition = "2024"
flavor = "sui"

[env]

[env.mainnet]
chain-id = "35834a8a"
original-published-id = "0x488b927da11f1a626d56d3d000cf49b5cd40b3ed4d989ba15ac35a6c4791f83e"
latest-published-id = "0x488b927da11f1a626d56d3d000cf49b5cd40b3ed4d989ba15ac35a6c4791f83e"
published-version = "1"

[env.testnet]
chain-id = "4c78adac"
original-published-id = "0x2439526f2e94a1a14241d4ca0542952a81828bc7d75e0e85f65b136998581ae0"
latest-published-id = "0x2439526f2e94a1a14241d4ca0542952a81828bc7d75e0e85f65b136998581ae0"
published-version = "1"
