# @generated by Move, please check-in and do not edit manually.

[move]
version = 3
manifest_digest = "4F42216D38B4069A44F9665213D322D60A60447E9EDD511D97B40BDBC263FC9F"
deps_digest = "F8BBB0CCB2491CA29A3DF03D6F92277A4F3574266507ACD77214D37ECA3F3082"
dependencies = [
  { id = "Sui", name = "Sui" },
]

[[move.package]]
id = "MoveStdlib"
source = { git = "https://github.com/MystenLabs/sui.git", rev = "framework/testnet", subdir = "crates/sui-framework/packages/move-stdlib" }

[[move.package]]
id = "Sui"
source = { git = "https://github.com/MystenLabs/sui.git", rev = "framework/testnet", subdir = "crates/sui-framework/packages/sui-framework" }

dependencies = [
  { id = "MoveStdlib", name = "MoveStdlib" },
]

[move.toolchain-version]
compiler-version = "1.45.0"
edition = "2024"
flavor = "sui"

[env]

[env.mainnet]
chain-id = "35834a8a"
original-published-id = "0x646af00bcbf03c9b705540f87eb4109afdbebee3e12ba216ec82f3b3bfe05fc6"
latest-published-id = "0x646af00bcbf03c9b705540f87eb4109afdbebee3e12ba216ec82f3b3bfe05fc6"
published-version = "1"

[env.testnet]
chain-id = "4c78adac"
original-published-id = "0x2439526f2e94a1a14241d4ca0542952a81828bc7d75e0e85f65b136998581ae0"
latest-published-id = "0x2439526f2e94a1a14241d4ca0542952a81828bc7d75e0e85f65b136998581ae0"
published-version = "1"
