# @generated by Move, please check-in and do not edit manually.

[move]
version = 3
manifest_digest = "22A7AE53FAFAAEFF738DF6E6C17A1BBA09BB8B727FA96A097F001238FA0BEFD1"
deps_digest = "F9B494B64F0615AED0E98FC12A85B85ECD2BC5185C22D30E7F67786BB52E507C"
dependencies = [
  { id = "Sui", name = "Sui" },
  { id = "gauge_cap", name = "gauge_cap" },
  { id = "integer_mate", name = "integer_mate" },
  { id = "move_stl", name = "move_stl" },
]

[[move.package]]
id = "MoveStdlib"
source = { git = "https://github.com/MystenLabs/sui.git", rev = "framework/testnet", subdir = "crates/sui-framework/packages/move-stdlib" }

[[move.package]]
id = "Sui"
source = { git = "https://github.com/MystenLabs/sui.git", rev = "framework/testnet", subdir = "crates/sui-framework/packages/sui-framework" }

dependencies = [
  { id = "MoveStdlib", name = "MoveStdlib" },
]

[[move.package]]
id = "gauge_cap"
source = { local = "../gauge_cap" }

dependencies = [
  { id = "Sui", name = "Sui" },
]

[[move.package]]
id = "integer_mate"
source = { local = "../integer_mate" }

dependencies = [
  { id = "Sui", name = "Sui" },
]

[[move.package]]
id = "move_stl"
source = { local = "../move_stl" }

dependencies = [
  { id = "Sui", name = "Sui" },
]

[move.toolchain-version]
compiler-version = "1.45.0"
edition = "2024"
flavor = "sui"

[env]

[env.mainnet]
chain-id = "35834a8a"
original-published-id = "0x01d23eaf3854cb685e28b469691c60dad6b20d574038da97349e154514b8351a"
latest-published-id = "0x01d23eaf3854cb685e28b469691c60dad6b20d574038da97349e154514b8351a"
published-version = "1"

[env.testnet]
chain-id = "4c78adac"
original-published-id = "0x40dee50cf77b008de39da6cbe7adf8cd6b142cd3f098b6206ac32057a75f2300"
latest-published-id = "0x40dee50cf77b008de39da6cbe7adf8cd6b142cd3f098b6206ac32057a75f2300"
published-version = "1"
