# @generated by Move, please check-in and do not edit manually.

[move]
version = 3
manifest_digest = "2D0B59DA388F2CA439ED6B26E85432C73F2C632A802BB7E354A60A25A2C7053A"
deps_digest = "F8BBB0CCB2491CA29A3DF03D6F92277A4F3574266507ACD77214D37ECA3F3082"
dependencies = [
  { id = "Sui", name = "Sui" },
]

[[move.package]]
id = "MoveStdlib"
source = { git = "https://github.com/MystenLabs/sui.git", rev = "framework/testnet", subdir = "crates/sui-framework/packages/move-stdlib" }

[[move.package]]
id = "Sui"
source = { git = "https://github.com/MystenLabs/sui.git", rev = "framework/testnet", subdir = "crates/sui-framework/packages/sui-framework" }

dependencies = [
  { id = "MoveStdlib", name = "MoveStdlib" },
]

[move.toolchain-version]
compiler-version = "1.45.2"
edition = "2024"
flavor = "sui"

[env]

[env.mainnet]
chain-id = "35834a8a"
original-published-id = "0x65a8d2475e64f66b24d621d007a38cf2844bb4e6ab4f543a3519d1868c0d4a46"
latest-published-id = "0x65a8d2475e64f66b24d621d007a38cf2844bb4e6ab4f543a3519d1868c0d4a46"
published-version = "1"

[env.testnet]
chain-id = "4c78adac"
original-published-id = "0xfbc54ce0d4ff93241a535b5d5eeb235438bd41e7a6aa6fc2c2cad283aa2ad601"
latest-published-id = "0xfbc54ce0d4ff93241a535b5d5eeb235438bd41e7a6aa6fc2c2cad283aa2ad601"
published-version = "1"
