# @generated by Move, please check-in and do not edit manually.

[move]
version = 3
manifest_digest = "CD85AE0A84D2826E6ADE624D5207D5A2412304B71CFBF282DBEBB8BE2437AD34"
deps_digest = "F8BBB0CCB2491CA29A3DF03D6F92277A4F3574266507ACD77214D37ECA3F3082"
dependencies = [
  { id = "Sui", name = "Sui" },
]

[[move.package]]
id = "MoveStdlib"
source = { git = "https://github.com/MystenLabs/sui.git", rev = "framework/testnet", subdir = "crates/sui-framework/packages/move-stdlib" }

[[move.package]]
id = "Sui"
source = { git = "https://github.com/MystenLabs/sui.git", rev = "framework/testnet", subdir = "crates/sui-framework/packages/sui-framework" }

dependencies = [
  { id = "MoveStdlib", name = "MoveStdlib" },
]

[move.toolchain-version]
compiler-version = "1.45.2"
edition = "2024"
flavor = "sui"

[env]

[env.mainnet]
chain-id = "35834a8a"
original-published-id = "0x1a580e236414ee93bb82e288aae5e2a98be0066299c0f87c43678b42f95c9a15"
latest-published-id = "0x1a580e236414ee93bb82e288aae5e2a98be0066299c0f87c43678b42f95c9a15"
published-version = "1"

[env.testnet]
chain-id = "4c78adac"
original-published-id = "0xfbc54ce0d4ff93241a535b5d5eeb235438bd41e7a6aa6fc2c2cad283aa2ad601"
latest-published-id = "0xfbc54ce0d4ff93241a535b5d5eeb235438bd41e7a6aa6fc2c2cad283aa2ad601"
published-version = "1"
