# Generated by move; do not edit
# This file should be checked in.

[move]
version = 4

[pinned.mainnet.MoveStdlib]
source = { git = "https://github.com/MystenLabs/sui.git", subdir = "crates/sui-framework/packages/move-stdlib", rev = "563c15820b27dec9cbe75f826a3b6243ef44da1a" }
use_environment = "mainnet"
manifest_digest = "C4FE4C91DE74CBF223B2E380AE40F592177D21870DC2D7EB6227D2D694E05363"
deps = {}

[pinned.mainnet.MoveStdlib_1]
source = { git = "https://github.com/MystenLabs/sui.git", subdir = "crates/sui-framework/packages/move-stdlib", rev = "041c5f2bae2fe52079e44b70514333532d69f4e6" }
use_environment = "mainnet"
manifest_digest = "C4FE4C91DE74CBF223B2E380AE40F592177D21870DC2D7EB6227D2D694E05363"
deps = {}

[pinned.mainnet.MoveStdlib_2]
source = { git = "https://github.com/MystenLabs/sui.git", subdir = "crates/sui-framework/packages/move-stdlib", rev = "c7566e601c9a64154850c1cb074a90d7fc11bba4" }
use_environment = "mainnet"
manifest_digest = "C4FE4C91DE74CBF223B2E380AE40F592177D21870DC2D7EB6227D2D694E05363"
deps = {}

[pinned.mainnet.Pyth]
source = { git = "https://github.com/pyth-network/pyth-crosschain.git", subdir = "target_chains/sui/contracts", rev = "3bd1262dcba9518a6901aa6a15f04072799bfb37" }
use_environment = "mainnet"
manifest_digest = "F2C5AF85C4B72C8F6A8132D05DE4F787F4EB80DBFF812331ED65AE599E7DF92A"
deps = { Sui = "Sui_1", Wormhole = "Wormhole" }

[pinned.mainnet.Sui]
source = { git = "https://github.com/MystenLabs/sui.git", subdir = "crates/sui-framework/packages/sui-framework", rev = "563c15820b27dec9cbe75f826a3b6243ef44da1a" }
use_environment = "mainnet"
manifest_digest = "CD547CB1ACCE0880C835DAED2D8FFCB91D56C833AE5240D3AA5B918398263195"
deps = { MoveStdlib = "MoveStdlib" }

[pinned.mainnet.Sui_1]
source = { git = "https://github.com/MystenLabs/sui.git", subdir = "crates/sui-framework/packages/sui-framework", rev = "041c5f2bae2fe52079e44b70514333532d69f4e6" }
use_environment = "mainnet"
manifest_digest = "CD547CB1ACCE0880C835DAED2D8FFCB91D56C833AE5240D3AA5B918398263195"
deps = { MoveStdlib = "MoveStdlib_1" }

[pinned.mainnet.Sui_2]
source = { git = "https://github.com/MystenLabs/sui.git", subdir = "crates/sui-framework/packages/sui-framework", rev = "c7566e601c9a64154850c1cb074a90d7fc11bba4" }
use_environment = "mainnet"
manifest_digest = "CD547CB1ACCE0880C835DAED2D8FFCB91D56C833AE5240D3AA5B918398263195"
deps = { MoveStdlib = "MoveStdlib_2" }

[pinned.mainnet.Switchboard]
source = { git = "https://github.com/LFBuild/sui.git", subdir = "on_demand", rev = "5ee11d39cb3f4c105d907f688f52f1d4956eaecd" }
use_environment = "mainnet"
manifest_digest = "BA49968BFF7C4A4D9F013B59535CF8B89D935A7C6D63C121606B1FE844829B72"
deps = { Sui = "Sui_2" }

[pinned.mainnet.Wormhole]
source = { git = "https://github.com/wormhole-foundation/wormhole.git", subdir = "sui/wormhole", rev = "b71be5cbb9537c4aac8e23e74371affa3825efcd" }
use_environment = "mainnet"
manifest_digest = "0D766A0380B75080707CFA6099AF469A2E502B0D9DC334A9E9983B391C5555D9"
deps = { Sui = "Sui_1" }

[pinned.mainnet.clmm_pool]
source = { git = "https://github.com/LFBuild/FullSail-CLMM-SC.git", subdir = "clmm_pool", rev = "c7c6d685fcfa4ab34657d9baef994e68719f654e" }
use_environment = "mainnet"
manifest_digest = "F1066BE7B4DA34945E01D4DB64EABAB0426F6F53536F290F3EF521EBDF445DDE"
deps = { Sui = "Sui_2", gauge_cap = "gauge_cap", integer_mate = "integer_mate", move_stl = "move_stl", price_provider = "price_provider" }

[pinned.mainnet.gauge_cap]
source = { git = "https://github.com/LFBuild/FullSail-CLMM-SC.git", subdir = "gauge_cap", rev = "c7c6d685fcfa4ab34657d9baef994e68719f654e" }
use_environment = "mainnet"
manifest_digest = "D6E02FF878B6E388BCC877260575EA7E9B50C7F248C6E0661C4359AA60F75475"
deps = { Sui = "Sui_2" }

[pinned.mainnet.governance]
source = { local = "../governance" }
use_environment = "mainnet"
manifest_digest = "7E36F428FB1D54423612A388ED514D69EC5DC24ED0F464EE9FF9888F9B809CDA"
deps = { Sui = "Sui_2", Switchboard = "Switchboard", clmm_pool = "clmm_pool", gauge_cap = "gauge_cap", integer_mate = "integer_mate", locker_cap = "locker_cap", price_monitor = "price_monitor", price_provider = "price_provider", voting_escrow = "voting_escrow" }

[pinned.mainnet.integer_mate]
source = { git = "https://github.com/LFBuild/FullSail-CLMM-SC.git", subdir = "integer_mate", rev = "c7c6d685fcfa4ab34657d9baef994e68719f654e" }
use_environment = "mainnet"
manifest_digest = "D6E02FF878B6E388BCC877260575EA7E9B50C7F248C6E0661C4359AA60F75475"
deps = { Sui = "Sui_2" }

[pinned.mainnet.locker_cap]
source = { local = "../locker_cap" }
use_environment = "mainnet"
manifest_digest = "D6E02FF878B6E388BCC877260575EA7E9B50C7F248C6E0661C4359AA60F75475"
deps = { Sui = "Sui_2" }

[pinned.mainnet.move_stl]
source = { git = "https://github.com/LFBuild/FullSail-CLMM-SC.git", subdir = "move_stl", rev = "c7c6d685fcfa4ab34657d9baef994e68719f654e" }
use_environment = "mainnet"
manifest_digest = "D6E02FF878B6E388BCC877260575EA7E9B50C7F248C6E0661C4359AA60F75475"
deps = { Sui = "Sui_2" }

[pinned.mainnet.price_monitor]
source = { local = "../price_monitor" }
use_environment = "mainnet"
manifest_digest = "7DA625F191424A698CD6E9E0F24248E3DD367D26D16DAA0CFC8ADF1520DF3EAD"
deps = { Sui = "Sui_2", Switchboard = "Switchboard", clmm_pool = "clmm_pool", integer_mate = "integer_mate" }

[pinned.mainnet.price_provider]
source = { git = "https://github.com/LFBuild/FullSail-CLMM-SC.git", subdir = "price_provider", rev = "c7c6d685fcfa4ab34657d9baef994e68719f654e" }
use_environment = "mainnet"
manifest_digest = "D6E02FF878B6E388BCC877260575EA7E9B50C7F248C6E0661C4359AA60F75475"
deps = { Sui = "Sui_2" }

[pinned.mainnet.vault]
source = { root = true }
use_environment = "mainnet"
manifest_digest = "5EAD18A4F214E7AF339BD32AF987BEB85D7E4583AC6A3FBB933FFCE94CB452EA"
deps = { Pyth = "Pyth", Switchboard = "Switchboard", clmm_pool = "clmm_pool", gauge_cap = "gauge_cap", governance = "governance", integer_mate = "integer_mate", locker_cap = "locker_cap", move_stl = "move_stl", price_monitor = "price_monitor", price_provider = "price_provider", std = "MoveStdlib", sui = "Sui", voting_escrow = "voting_escrow" }

[pinned.mainnet.voting_escrow]
source = { local = "../voting_escrow" }
use_environment = "mainnet"
manifest_digest = "E873971DBD03BB36A4A6282885BD1D255C5F806492183A3C7007C72397CAFA48"
deps = { Sui = "Sui_2", integer_mate = "integer_mate" }

[pinned.testnet.MoveStdlib]
source = { git = "https://github.com/MystenLabs/sui.git", subdir = "crates/sui-framework/packages/move-stdlib", rev = "041c5f2bae2fe52079e44b70514333532d69f4e6" }
use_environment = "testnet"
manifest_digest = "C4FE4C91DE74CBF223B2E380AE40F592177D21870DC2D7EB6227D2D694E05363"
deps = {}

[pinned.testnet.MoveStdlib_1]
source = { git = "https://github.com/MystenLabs/sui.git", subdir = "crates/sui-framework/packages/move-stdlib", rev = "c7566e601c9a64154850c1cb074a90d7fc11bba4" }
use_environment = "testnet"
manifest_digest = "C4FE4C91DE74CBF223B2E380AE40F592177D21870DC2D7EB6227D2D694E05363"
deps = {}

[pinned.testnet.Pyth]
source = { git = "https://github.com/pyth-network/pyth-crosschain.git", subdir = "target_chains/sui/contracts", rev = "3bd1262dcba9518a6901aa6a15f04072799bfb37" }
use_environment = "testnet"
manifest_digest = "9942AAB3725BC51DADB046B4440A3D008E554C9286ECC72B3DE5CC0309C0D63D"
deps = { Sui = "Sui", Wormhole = "Wormhole" }

[pinned.testnet.Sui]
source = { git = "https://github.com/MystenLabs/sui.git", subdir = "crates/sui-framework/packages/sui-framework", rev = "041c5f2bae2fe52079e44b70514333532d69f4e6" }
use_environment = "testnet"
manifest_digest = "7AFB66695545775FBFBB2D3078ADFD084244D5002392E837FDE21D9EA1C6D01C"
deps = { MoveStdlib = "MoveStdlib" }

[pinned.testnet.Sui_1]
source = { git = "https://github.com/MystenLabs/sui.git", subdir = "crates/sui-framework/packages/sui-framework", rev = "c7566e601c9a64154850c1cb074a90d7fc11bba4" }
use_environment = "testnet"
manifest_digest = "7AFB66695545775FBFBB2D3078ADFD084244D5002392E837FDE21D9EA1C6D01C"
deps = { MoveStdlib = "MoveStdlib_1" }

[pinned.testnet.Switchboard]
source = { git = "https://github.com/LFBuild/sui.git", subdir = "on_demand", rev = "5ee11d39cb3f4c105d907f688f52f1d4956eaecd" }
use_environment = "testnet"
manifest_digest = "DEE42C89BB3F8EC67C17BC4AE0CEBE14A28F4FA787E857046EAF0FA38D556496"
deps = { Sui = "Sui_1" }

[pinned.testnet.Wormhole]
source = { git = "https://github.com/wormhole-foundation/wormhole.git", subdir = "sui/wormhole", rev = "b71be5cbb9537c4aac8e23e74371affa3825efcd" }
use_environment = "testnet"
manifest_digest = "6996F1AB8CD448FFBA142C085C488FE8A46B485E61E38A1891EFA52B30D9C12E"
deps = { Sui = "Sui" }

[pinned.testnet.clmm_pool]
source = { git = "https://github.com/LFBuild/FullSail-CLMM-SC.git", subdir = "clmm_pool", rev = "c7c6d685fcfa4ab34657d9baef994e68719f654e" }
use_environment = "testnet"
manifest_digest = "24EA586AD053C0C6DE39C7A22EE75E8AA84EBF08AFFC4A4A3BD263B2AF5FDEC0"
deps = { Sui = "Sui_1", gauge_cap = "gauge_cap", integer_mate = "integer_mate", move_stl = "move_stl", price_provider = "price_provider" }

[pinned.testnet.gauge_cap]
source = { git = "https://github.com/LFBuild/FullSail-CLMM-SC.git", subdir = "gauge_cap", rev = "c7c6d685fcfa4ab34657d9baef994e68719f654e" }
use_environment = "testnet"
manifest_digest = "04F2C2F24F6DB9EB7D6997D46697671E5F788525F59E0879718AB4D32008FD57"
deps = { Sui = "Sui_1" }

[pinned.testnet.governance]
source = { local = "../governance" }
use_environment = "testnet"
manifest_digest = "FFFBBFF454584E0ED3166A95AC85B28768346762E1F157F7D181AA5DB6A3EFB0"
deps = { Sui = "Sui_1", Switchboard = "Switchboard", clmm_pool = "clmm_pool", gauge_cap = "gauge_cap", integer_mate = "integer_mate", locker_cap = "locker_cap", price_monitor = "price_monitor", price_provider = "price_provider", voting_escrow = "voting_escrow" }

[pinned.testnet.integer_mate]
source = { git = "https://github.com/LFBuild/FullSail-CLMM-SC.git", subdir = "integer_mate", rev = "c7c6d685fcfa4ab34657d9baef994e68719f654e" }
use_environment = "testnet"
manifest_digest = "04F2C2F24F6DB9EB7D6997D46697671E5F788525F59E0879718AB4D32008FD57"
deps = { Sui = "Sui_1" }

[pinned.testnet.locker_cap]
source = { local = "../locker_cap" }
use_environment = "testnet"
manifest_digest = "04F2C2F24F6DB9EB7D6997D46697671E5F788525F59E0879718AB4D32008FD57"
deps = { Sui = "Sui_1" }

[pinned.testnet.move_stl]
source = { git = "https://github.com/LFBuild/FullSail-CLMM-SC.git", subdir = "move_stl", rev = "c7c6d685fcfa4ab34657d9baef994e68719f654e" }
use_environment = "testnet"
manifest_digest = "04F2C2F24F6DB9EB7D6997D46697671E5F788525F59E0879718AB4D32008FD57"
deps = { Sui = "Sui_1" }

[pinned.testnet.price_monitor]
source = { local = "../price_monitor" }
use_environment = "testnet"
manifest_digest = "8FEE31E69864FCD233C50923F852E5E5221754122DA783F68673C5F1F3F5A868"
deps = { Sui = "Sui_1", Switchboard = "Switchboard", clmm_pool = "clmm_pool", integer_mate = "integer_mate" }

[pinned.testnet.price_provider]
source = { git = "https://github.com/LFBuild/FullSail-CLMM-SC.git", subdir = "price_provider", rev = "c7c6d685fcfa4ab34657d9baef994e68719f654e" }
use_environment = "testnet"
manifest_digest = "04F2C2F24F6DB9EB7D6997D46697671E5F788525F59E0879718AB4D32008FD57"
deps = { Sui = "Sui_1" }

[pinned.testnet.vault]
source = { root = true }
use_environment = "testnet"
manifest_digest = "023132BC46629A0705A7238D1EC8253E14DE61BB8A3D0FBEF9D1BFE78F0E2210"
deps = { Pyth = "Pyth", Sui = "Sui_1", Switchboard = "Switchboard", clmm_pool = "clmm_pool", gauge_cap = "gauge_cap", governance = "governance", integer_mate = "integer_mate", locker_cap = "locker_cap", move_stl = "move_stl", price_monitor = "price_monitor", price_provider = "price_provider", voting_escrow = "voting_escrow" }

[pinned.testnet.voting_escrow]
source = { local = "../voting_escrow" }
use_environment = "testnet"
manifest_digest = "639138B95954CB53189EFF383D7A869560C2DE0F4834DE6A6C5DE625A9D5C11B"
deps = { Sui = "Sui_1", integer_mate = "integer_mate" }
