# @generated by Move, please check-in and do not edit manually.

[move]
version = 3
manifest_digest = "CD59AEB10E473B1BEF3E0E4EC4689EABD9DA693B6BC650835A8F89BF50CE9E04"
deps_digest = "CAFAD8A7CF51067FB4358215BECB86BD100DD64E57C2AC8A7AE7D74B688F5965"
dependencies = [
  { id = "Sui", name = "Sui" },
  { id = "clmm_pool", name = "clmm_pool" },
  { id = "gauge_cap", name = "gauge_cap" },
  { id = "integer_mate", name = "integer_mate" },
  { id = "liquidity_locker", name = "liquidity_locker" },
  { id = "move_stl", name = "move_stl" },
  { id = "price_provider", name = "price_provider" },
]

[[move.package]]
id = "MoveStdlib"
source = { git = "https://github.com/MystenLabs/sui.git", rev = "framework/mainnet", subdir = "crates/sui-framework/packages/move-stdlib" }

[[move.package]]
id = "Sui"
source = { git = "https://github.com/MystenLabs/sui.git", rev = "framework/mainnet", subdir = "crates/sui-framework/packages/sui-framework" }

dependencies = [
  { id = "MoveStdlib", name = "MoveStdlib" },
]

[[move.package]]
id = "clmm_pool"
source = { git = "https://github.com/LFBuild/FullSail-CLMM-SC.git", rev = "main", subdir = "clmm_pool" }

dependencies = [
  { id = "Sui", name = "Sui" },
  { id = "gauge_cap", name = "gauge_cap" },
  { id = "integer_mate", name = "integer_mate" },
  { id = "move_stl", name = "move_stl" },
  { id = "price_provider", name = "price_provider" },
]

[[move.package]]
id = "gauge_cap"
source = { git = "https://github.com/LFBuild/FullSail-CLMM-SC.git", rev = "main", subdir = "gauge_cap" }

dependencies = [
  { id = "Sui", name = "Sui" },
]

[[move.package]]
id = "integer_mate"
source = { git = "https://github.com/LFBuild/FullSail-CLMM-SC.git", rev = "main", subdir = "integer_mate" }

dependencies = [
  { id = "Sui", name = "Sui" },
]

[[move.package]]
id = "liquidity_locker"
source = { local = "../liquidity_locker" }

dependencies = [
  { id = "Sui", name = "Sui" },
  { id = "clmm_pool", name = "clmm_pool" },
  { id = "gauge_cap", name = "gauge_cap" },
  { id = "integer_mate", name = "integer_mate" },
  { id = "locker_cap", name = "locker_cap" },
  { id = "price_provider", name = "price_provider" },
]

[[move.package]]
id = "locker_cap"
source = { local = "../locker_cap" }

dependencies = [
  { id = "Sui", name = "Sui" },
]

[[move.package]]
id = "move_stl"
source = { git = "https://github.com/LFBuild/FullSail-CLMM-SC.git", rev = "main", subdir = "move_stl" }

dependencies = [
  { id = "Sui", name = "Sui" },
]

[[move.package]]
id = "price_provider"
source = { git = "https://github.com/LFBuild/FullSail-CLMM-SC.git", rev = "main", subdir = "price_provider" }

dependencies = [
  { id = "Sui", name = "Sui" },
]

[move.toolchain-version]
compiler-version = "1.53.2"
edition = "2024"
flavor = "sui"

[env]

[env.mainnet]
chain-id = "35834a8a"
original-published-id = "0x2c8e69b337f0ef0df279246612d3bb762e51a9e78ff01934c3436003efd2d337"
latest-published-id = "0x2c8e69b337f0ef0df279246612d3bb762e51a9e78ff01934c3436003efd2d337"
published-version = "1"
