# @generated by Move, please check-in and do not edit manually.

[move]
version = 3
manifest_digest = "E13709F4E64C5168EC8BB3466C08E7CC65D3B680DE97C364E5A38DBE57CFD094"
deps_digest = "F8BBB0CCB2491CA29A3DF03D6F92277A4F3574266507ACD77214D37ECA3F3082"
dependencies = [
  { id = "Sui", name = "Sui" },
]

[[move.package]]
id = "MoveStdlib"
source = { git = "https://github.com/MystenLabs/sui.git", rev = "framework/mainnet", subdir = "crates/sui-framework/packages/move-stdlib" }

[[move.package]]
id = "Sui"
source = { git = "https://github.com/MystenLabs/sui.git", rev = "framework/mainnet", subdir = "crates/sui-framework/packages/sui-framework" }

dependencies = [
  { id = "MoveStdlib", name = "MoveStdlib" },
]

[move.toolchain-version]
compiler-version = "1.54.1"
edition = "2024.beta"
flavor = "sui"

[env]

[env.mainnet]
chain-id = "35834a8a"
original-published-id = "0xb92d52f72c4cd940f983f6a24e464da28acc93c6f8c838ca990999e41255912f"
latest-published-id = "0xb92d52f72c4cd940f983f6a24e464da28acc93c6f8c838ca990999e41255912f"
published-version = "1"
