# @generated by Move, please check-in and do not edit manually.

[move]
version = 3

dependencies = [
  { id = "Sui", name = "Sui" },
]
manifest_digest = "3B2F950A782D12D8FA896E6E3A97303A4DDAB94BC93EF0C095014A88CBFEA539"
deps_digest = "F8BBB0CCB2491CA29A3DF03D6F92277A4F3574266507ACD77214D37ECA3F3082"

[[move.package]]
id = "MoveStdlib"
source = { git = "https://github.com/MystenLabs/sui.git", rev = "framework/testnet", subdir = "crates/sui-framework/packages/move-stdlib" }

[[move.package]]
id = "Sui"
source = { git = "https://github.com/MystenLabs/sui.git", rev = "framework/testnet", subdir = "crates/sui-framework/packages/sui-framework" }

dependencies = [
  { id = "MoveStdlib", name = "MoveStdlib" },
]

[move.toolchain-version]
compiler-version = "1.45.2"
edition = "2024"
flavor = "sui"

[env]

[env.mainnet]
chain-id = "35834a8a"
original-published-id = "0x17cc5a58c7e6f6473c5e20c4770411b0df7ecdaa40dd15d8ba778061bea28cc1"
latest-published-id = "0x17cc5a58c7e6f6473c5e20c4770411b0df7ecdaa40dd15d8ba778061bea28cc1"
published-version = "1"

[env.testnet]
chain-id = "4c78adac"
original-published-id = "0xa51b38ffb2024292644c4652b5d2cbea6e106f139d4c68185afce7b0f079e825"
latest-published-id = "0xa51b38ffb2024292644c4652b5d2cbea6e106f139d4c68185afce7b0f079e825"
published-version = "1"
