# @generated by Move, please check-in and do not edit manually.

[move]
version = 3

dependencies = [
  { id = "Sui", name = "Sui" },
]
manifest_digest = "87EEDECA39015F36304CDD7F6BECD30063EE3C97E83ACB82F2B79A5CD42B5594"
deps_digest = "F8BBB0CCB2491CA29A3DF03D6F92277A4F3574266507ACD77214D37ECA3F3082"

[[move.package]]
id = "MoveStdlib"
source = { git = "https://github.com/MystenLabs/sui.git", rev = "framework/mainnet", subdir = "crates/sui-framework/packages/move-stdlib" }

[[move.package]]
id = "Sui"
source = { git = "https://github.com/MystenLabs/sui.git", rev = "framework/mainnet", subdir = "crates/sui-framework/packages/sui-framework" }

dependencies = [
  { id = "MoveStdlib", name = "MoveStdlib" },
]

[move.toolchain-version]
compiler-version = "1.46.1"
edition = "2024"
flavor = "sui"

[env]

[env.mainnet]
chain-id = "35834a8a"
original-published-id = "0x273edb422b3404487a0e700224f541852e799957e4e289363a1675a8dcee158b"
latest-published-id = "0x273edb422b3404487a0e700224f541852e799957e4e289363a1675a8dcee158b"
published-version = "1"

[env.testnet]
chain-id = "4c78adac"
original-published-id = "0xa51b38ffb2024292644c4652b5d2cbea6e106f139d4c68185afce7b0f079e825"
latest-published-id = "0xa51b38ffb2024292644c4652b5d2cbea6e106f139d4c68185afce7b0f079e825"
published-version = "1"
